
Microsoft Visual Studio Solution File, Format Version 12.00
# Visual Studio Version 16
VisualStudioVersion = 16.0.29123.88
MinimumVisualStudioVersion = 10.0.40219.1
Project("{FAE04EC0-301F-11D3-BF4B-00C04F79EFBC}") = "WirelessAutoAccess", "WirelessAutoAccess.csproj", "{08D83B34-BBBF-4DF9-ACBA-80DBEFC37763}"
EndProject
Global
	GlobalSection(SolutionConfigurationPlatforms) = preSolution
		Debug|Any CPU = Debug|Any CPU
		Release|Any CPU = Release|Any CPU
	EndGlobalSection
	GlobalSection(ProjectConfigurationPlatforms) = postSolution
		{08D83B34-BBBF-4DF9-ACBA-80DBEFC37763}.Debug|Any CPU.ActiveCfg = Debug|Any CPU
		{08D83B34-BBBF-4DF9-ACBA-80DBEFC37763}.Debug|Any CPU.Build.0 = Debug|Any CPU
		{08D83B34-BBBF-4DF9-ACBA-80DBEFC37763}.Release|Any CPU.ActiveCfg = Release|Any CPU
		{08D83B34-BBBF-4DF9-ACBA-80DBEFC37763}.Release|Any CPU.Build.0 = Release|Any CPU
	EndGlobalSection
	GlobalSection(SolutionProperties) = preSolution
		HideSolutionNode = FALSE
	EndGlobalSection
	GlobalSection(ExtensibilityGlobals) = postSolution
		SolutionGuid = {6BD9DBE1-BD19-4FA8-A050-D81304F63C41}
	EndGlobalSection
EndGlobal
